
Microsoft Visual Studio Solution File, Format Version 12.00
# Visual Studio 15
VisualStudioVersion = 15.0.26430.16
MinimumVisualStudioVersion = 10.0.40219.1
Project("{FAE04EC0-301F-11D3-BF4B-00C04F79EFBC}") = "Tests", "Tests\Tests.csproj", "{9ABD7CCE-6594-40BF-9F30-73E12D02D248}"
	ProjectSection(ProjectDependencies) = postProject
		{C127F538-EF1F-4279-9E78-C8CFF87840B2} = {C127F538-EF1F-4279-9E78-C8CFF87840B2}
	EndProjectSection
EndProject
Project("{FAE04EC0-301F-11D3-BF4B-00C04F79EFBC}") = "Heuristics", "Heuristics\Heuristics.csproj", "{C127F538-EF1F-4279-9E78-C8CFF87840B2}"
EndProject
Project("{FAE04EC0-301F-11D3-BF4B-00C04F79EFBC}") = "Runner", "Runner\Runner.csproj", "{8DD1C7E7-B06B-40D6-93F0-5D748EF93E0B}"
EndProject
Global
	GlobalSection(SolutionConfigurationPlatforms) = preSolution
		Debug|Any CPU = Debug|Any CPU
		Release|Any CPU = Release|Any CPU
	EndGlobalSection
	GlobalSection(ProjectConfigurationPlatforms) = postSolution
		{9ABD7CCE-6594-40BF-9F30-73E12D02D248}.Debug|Any CPU.ActiveCfg = Debug|Any CPU
		{9ABD7CCE-6594-40BF-9F30-73E12D02D248}.Debug|Any CPU.Build.0 = Debug|Any CPU
		{9ABD7CCE-6594-40BF-9F30-73E12D02D248}.Release|Any CPU.ActiveCfg = Release|Any CPU
		{9ABD7CCE-6594-40BF-9F30-73E12D02D248}.Release|Any CPU.Build.0 = Release|Any CPU
		{C127F538-EF1F-4279-9E78-C8CFF87840B2}.Debug|Any CPU.ActiveCfg = Debug|Any CPU
		{C127F538-EF1F-4279-9E78-C8CFF87840B2}.Debug|Any CPU.Build.0 = Debug|Any CPU
		{C127F538-EF1F-4279-9E78-C8CFF87840B2}.Release|Any CPU.ActiveCfg = Release|Any CPU
		{C127F538-EF1F-4279-9E78-C8CFF87840B2}.Release|Any CPU.Build.0 = Release|Any CPU
		{8DD1C7E7-B06B-40D6-93F0-5D748EF93E0B}.Debug|Any CPU.ActiveCfg = Debug|Any CPU
		{8DD1C7E7-B06B-40D6-93F0-5D748EF93E0B}.Debug|Any CPU.Build.0 = Debug|Any CPU
		{8DD1C7E7-B06B-40D6-93F0-5D748EF93E0B}.Release|Any CPU.ActiveCfg = Release|Any CPU
		{8DD1C7E7-B06B-40D6-93F0-5D748EF93E0B}.Release|Any CPU.Build.0 = Release|Any CPU
	EndGlobalSection
	GlobalSection(SolutionProperties) = preSolution
		HideSolutionNode = FALSE
	EndGlobalSection
EndGlobal
